lockfileVersion: '6.0'

settings:
  autoInstallPeers: true
  excludeLinksFromLockfile: false

dependencies:
  '@modern-js/prod-server':
    specifier: ^2.53.0
    version: 2.53.0(react-dom@18.3.1)(react@18.3.1)

packages:

  /@modern-js/plugin@2.53.0:
    resolution: {integrity: sha512-MM8no2gJdizqK1l5dqwR/nYaRyT7Wljtd8fF2qWRC/LagCQU92yUIYKF1dJllCv/xrbFE4CwaL8nrzGztDHShw==}
    dependencies:
      '@modern-js/utils': 2.53.0
      '@swc/helpers': 0.5.3
    dev: false

  /@modern-js/prod-server@2.53.0(react-dom@18.3.1)(react@18.3.1):
    resolution: {integrity: sha512-i9RPp3t20BQrB00qDN1oaVvEXP9Vnk8cEnj1owDJexuNYYcx6sdQ3E0bG85I3Fm/RzTYnCB1SjplSLJDo5WiGw==}
    engines: {node: '>=16.2.0'}
    dependencies:
      '@modern-js/runtime-utils': 2.53.0(react-dom@18.3.1)(react@18.3.1)
      '@modern-js/server-core': 2.53.0(react-dom@18.3.1)(react@18.3.1)
      '@modern-js/utils': 2.53.0
      '@swc/helpers': 0.5.3
    transitivePeerDependencies:
      - react
      - react-dom
    dev: false

  /@modern-js/runtime-utils@2.53.0(react-dom@18.3.1)(react@18.3.1):
    resolution: {integrity: sha512-K9xP+BipamQb10WKDcEodZ+2MiE8SBWfbyR1OPAT0Gk/gaHnV2nDznhS/xkpRm8ZjF/+tr4Brt6D9eqZuTfsRw==}
    peerDependencies:
      react: '>=17.0.0'
      react-dom: '>=17.0.0'
    peerDependenciesMeta:
      react:
        optional: true
      react-dom:
        optional: true
    dependencies:
      '@modern-js/utils': 2.53.0
      '@remix-run/router': 1.15.0
      '@swc/helpers': 0.5.3
      lru-cache: 6.0.0
      react: 18.3.1
      react-dom: 18.3.1(react@18.3.1)
      react-router-dom: 6.22.0(react-dom@18.3.1)(react@18.3.1)
      serialize-javascript: 6.0.2
    dev: false

  /@modern-js/server-core@2.53.0(react-dom@18.3.1)(react@18.3.1):
    resolution: {integrity: sha512-7b+tqfxJFdTJQ4jo13y0DS9LBCNqeVxSMsFlliJcs8u+WGqUBH9fjIwyTgPyvCJ/mP6mUlhfG5dAAGN9k7dULw==}
    engines: {node: '>=16.2.0'}
    dependencies:
      '@modern-js/plugin': 2.53.0
      '@modern-js/runtime-utils': 2.53.0(react-dom@18.3.1)(react@18.3.1)
      '@modern-js/utils': 2.53.0
      '@swc/helpers': 0.5.3
      '@web-std/fetch': 4.2.1
      '@web-std/file': 3.0.3
      '@web-std/stream': 1.0.3
      hono: 3.12.12
      isbot: 3.8.0
      merge-deep: 3.0.3
    transitivePeerDependencies:
      - react
      - react-dom
    dev: false

  /@modern-js/utils@2.53.0:
    resolution: {integrity: sha512-RMdrfhjnCist+/EiCQ7h+MsZbV802ow/8130LkzD3IR+eYXtEaKsahWnIT7+pN87/Rsi+3QgcV4AUyAinfwOVQ==}
    dependencies:
      '@swc/helpers': 0.5.3
      caniuse-lite: 1.0.30001633
      lodash: 4.17.21
      rslog: 1.2.2
    dev: false

  /@remix-run/router@1.15.0:
    resolution: {integrity: sha512-HOil5aFtme37dVQTB6M34G95kPM3MMuqSmIRVCC52eKV+Y/tGSqw9P3rWhlAx6A+mz+MoX+XxsGsNJbaI5qCgQ==}
    engines: {node: '>=14.0.0'}
    dev: false

  /@swc/helpers@0.5.3:
    resolution: {integrity: sha512-FaruWX6KdudYloq1AHD/4nU+UsMTdNE8CKyrseXWEcgjDAbvkwJg2QGPAnfIJLIWsjZOSPLOAykK6fuYp4vp4A==}
    dependencies:
      tslib: 2.6.3
    dev: false

  /@web-std/blob@3.0.5:
    resolution: {integrity: sha512-Lm03qr0eT3PoLBuhkvFBLf0EFkAsNz/G/AYCzpOdi483aFaVX86b4iQs0OHhzHJfN5C15q17UtDbyABjlzM96A==}
    dependencies:
      '@web-std/stream': 1.0.0
      web-encoding: 1.1.5
    dev: false

  /@web-std/fetch@4.2.1:
    resolution: {integrity: sha512-M6sgHDgKegcjuVsq8J6jb/4XvhPGui8uwp3EIoADGXUnBl9vKzKLk9H9iFzrPJ6fSV6zZzFWXPyziBJp9hxzBA==}
    engines: {node: ^10.17 || >=12.3}
    dependencies:
      '@web-std/blob': 3.0.5
      '@web-std/file': 3.0.3
      '@web-std/form-data': 3.1.0
      '@web-std/stream': 1.0.3
      '@web3-storage/multipart-parser': 1.0.0
      abort-controller: 3.0.0
      data-uri-to-buffer: 3.0.1
      mrmime: 1.0.1
    dev: false

  /@web-std/file@3.0.3:
    resolution: {integrity: sha512-X7YYyvEERBbaDfJeC9lBKC5Q5lIEWYCP1SNftJNwNH/VbFhdHm+3neKOQP+kWEYJmosbDFq+NEUG7+XIvet/Jw==}
    dependencies:
      '@web-std/blob': 3.0.5
    dev: false

  /@web-std/form-data@3.1.0:
    resolution: {integrity: sha512-WkOrB8rnc2hEK2iVhDl9TFiPMptmxJA1HaIzSdc2/qk3XS4Ny4cCt6/V36U3XmoYKz0Md2YyK2uOZecoZWPAcA==}
    dependencies:
      web-encoding: 1.1.5
    dev: false

  /@web-std/stream@1.0.0:
    resolution: {integrity: sha512-jyIbdVl+0ZJyKGTV0Ohb9E6UnxP+t7ZzX4Do3AHjZKxUXKMs9EmqnBDQgHF7bEw0EzbQygOjtt/7gvtmi//iCQ==}
    dependencies:
      web-streams-polyfill: 3.3.3
    dev: false

  /@web-std/stream@1.0.3:
    resolution: {integrity: sha512-5MIngxWyq4rQiGoDAC2WhjLuDraW8+ff2LD2et4NRY933K3gL8CHlUXrh8ZZ3dC9A9Xaub8c9sl5exOJE58D9Q==}
    dependencies:
      web-streams-polyfill: 3.3.3
    dev: false

  /@web3-storage/multipart-parser@1.0.0:
    resolution: {integrity: sha512-BEO6al7BYqcnfX15W2cnGR+Q566ACXAT9UQykORCWW80lmkpWsnEob6zJS1ZVBKsSJC8+7vJkHwlp+lXG1UCdw==}
    dev: false

  /@zxing/text-encoding@0.9.0:
    resolution: {integrity: sha512-U/4aVJ2mxI0aDNI8Uq0wEhMgY+u4CNtEb0om3+y3+niDAsoTCOB33UF0sxpzqzdqXLqmvc+vZyAt4O8pPdfkwA==}
    requiresBuild: true
    dev: false
    optional: true

  /abort-controller@3.0.0:
    resolution: {integrity: sha512-h8lQ8tacZYnR3vNQTgibj+tODHI5/+l06Au2Pcriv/Gmet0eaj4TwWH41sO9wnHDiQsEj19q0drzdWdeAHtweg==}
    engines: {node: '>=6.5'}
    dependencies:
      event-target-shim: 5.0.1
    dev: false

  /arr-union@3.1.0:
    resolution: {integrity: sha512-sKpyeERZ02v1FeCZT8lrfJq5u6goHCtpTAzPwJYe7c8SPFOboNjNg1vz2L4VTn9T4PQxEx13TbXLmYUcS6Ug7Q==}
    engines: {node: '>=0.10.0'}
    dev: false

  /available-typed-arrays@1.0.7:
    resolution: {integrity: sha512-wvUjBtSGN7+7SjNpq/9M2Tg350UZD3q62IFZLbRAR1bSMlCo1ZaeW+BJ+D090e4hIIZLBcTDWe4Mh4jvUDajzQ==}
    engines: {node: '>= 0.4'}
    dependencies:
      possible-typed-array-names: 1.0.0
    dev: false

  /call-bind@1.0.7:
    resolution: {integrity: sha512-GHTSNSYICQ7scH7sZ+M2rFopRoLh8t2bLSW6BbgrtLsahOIB5iyAVJf9GjWK3cYTDaMj4XdBpM1cA6pIS0Kv2w==}
    engines: {node: '>= 0.4'}
    dependencies:
      es-define-property: 1.0.0
      es-errors: 1.3.0
      function-bind: 1.1.2
      get-intrinsic: 1.2.4
      set-function-length: 1.2.2
    dev: false

  /caniuse-lite@1.0.30001633:
    resolution: {integrity: sha512-6sT0yf/z5jqf8tISAgpJDrmwOpLsrpnyCdD/lOZKvKkkJK4Dn0X5i7KF7THEZhOq+30bmhwBlNEaqPUiHiKtZg==}
    dev: false

  /clone-deep@0.2.4:
    resolution: {integrity: sha512-we+NuQo2DHhSl+DP6jlUiAhyAjBQrYnpOk15rN6c6JSPScjiCLh8IbSU+VTcph6YS3o7mASE8a0+gbZ7ChLpgg==}
    engines: {node: '>=0.10.0'}
    dependencies:
      for-own: 0.1.5
      is-plain-object: 2.0.4
      kind-of: 3.2.2
      lazy-cache: 1.0.4
      shallow-clone: 0.1.2
    dev: false

  /data-uri-to-buffer@3.0.1:
    resolution: {integrity: sha512-WboRycPNsVw3B3TL559F7kuBUM4d8CgMEvk6xEJlOp7OBPjt6G7z8WMWlD2rOFZLk6OYfFIUGsCOWzcQH9K2og==}
    engines: {node: '>= 6'}
    dev: false

  /define-data-property@1.1.4:
    resolution: {integrity: sha512-rBMvIzlpA8v6E+SJZoo++HAYqsLrkg7MSfIinMPFhmkorw7X+dOXVJQs+QT69zGkzMyfDnIMN2Wid1+NbL3T+A==}
    engines: {node: '>= 0.4'}
    dependencies:
      es-define-property: 1.0.0
      es-errors: 1.3.0
      gopd: 1.0.1
    dev: false

  /es-define-property@1.0.0:
    resolution: {integrity: sha512-jxayLKShrEqqzJ0eumQbVhTYQM27CfT1T35+gCgDFoL82JLsXqTJ76zv6A0YLOgEnLUMvLzsDsGIrl8NFpT2gQ==}
    engines: {node: '>= 0.4'}
    dependencies:
      get-intrinsic: 1.2.4
    dev: false

  /es-errors@1.3.0:
    resolution: {integrity: sha512-Zf5H2Kxt2xjTvbJvP2ZWLEICxA6j+hAmMzIlypy4xcBg1vKVnx89Wy0GbS+kf5cwCVFFzdCFh2XSCFNULS6csw==}
    engines: {node: '>= 0.4'}
    dev: false

  /event-target-shim@5.0.1:
    resolution: {integrity: sha512-i/2XbnSz/uxRCU6+NdVJgKWDTM427+MqYbkQzD321DuCQJUqOuJKIA0IM2+W2xtYHdKOmZ4dR6fExsd4SXL+WQ==}
    engines: {node: '>=6'}
    dev: false

  /for-each@0.3.3:
    resolution: {integrity: sha512-jqYfLp7mo9vIyQf8ykW2v7A+2N4QjeCeI5+Dz9XraiO1ign81wjiH7Fb9vSOWvQfNtmSa4H2RoQTrrXivdUZmw==}
    dependencies:
      is-callable: 1.2.7
    dev: false

  /for-in@0.1.8:
    resolution: {integrity: sha512-F0to7vbBSHP8E3l6dCjxNOLuSFAACIxFy3UehTUlG7svlXi37HHsDkyVcHo0Pq8QwrE+pXvWSVX3ZT1T9wAZ9g==}
    engines: {node: '>=0.10.0'}
    dev: false

  /for-in@1.0.2:
    resolution: {integrity: sha512-7EwmXrOjyL+ChxMhmG5lnW9MPt1aIeZEwKhQzoBUdTV0N3zuwWDZYVJatDvZ2OyzPUvdIAZDsCetk3coyMfcnQ==}
    engines: {node: '>=0.10.0'}
    dev: false

  /for-own@0.1.5:
    resolution: {integrity: sha512-SKmowqGTJoPzLO1T0BBJpkfp3EMacCMOuH40hOUbrbzElVktk4DioXVM99QkLCyKoiuOmyjgcWMpVz2xjE7LZw==}
    engines: {node: '>=0.10.0'}
    dependencies:
      for-in: 1.0.2
    dev: false

  /function-bind@1.1.2:
    resolution: {integrity: sha512-7XHNxH7qX9xG5mIwxkhumTox/MIRNcOgDrxWsMt2pAr23WHp6MrRlN7FBSFpCpr+oVO0F744iUgR82nJMfG2SA==}
    dev: false

  /get-intrinsic@1.2.4:
    resolution: {integrity: sha512-5uYhsJH8VJBTv7oslg4BznJYhDoRI6waYCxMmCdnTrcCrHA/fCFKoTFz2JKKE0HdDFUF7/oQuhzumXJK7paBRQ==}
    engines: {node: '>= 0.4'}
    dependencies:
      es-errors: 1.3.0
      function-bind: 1.1.2
      has-proto: 1.0.3
      has-symbols: 1.0.3
      hasown: 2.0.2
    dev: false

  /gopd@1.0.1:
    resolution: {integrity: sha512-d65bNlIadxvpb/A2abVdlqKqV563juRnZ1Wtk6s1sIR8uNsXR70xqIzVqxVf1eTqDunwT2MkczEeaezCKTZhwA==}
    dependencies:
      get-intrinsic: 1.2.4
    dev: false

  /has-property-descriptors@1.0.2:
    resolution: {integrity: sha512-55JNKuIW+vq4Ke1BjOTjM2YctQIvCT7GFzHwmfZPGo5wnrgkid0YQtnAleFSqumZm4az3n2BS+erby5ipJdgrg==}
    dependencies:
      es-define-property: 1.0.0
    dev: false

  /has-proto@1.0.3:
    resolution: {integrity: sha512-SJ1amZAJUiZS+PhsVLf5tGydlaVB8EdFpaSO4gmiUKUOxk8qzn5AIy4ZeJUmh22znIdk/uMAUT2pl3FxzVUH+Q==}
    engines: {node: '>= 0.4'}
    dev: false

  /has-symbols@1.0.3:
    resolution: {integrity: sha512-l3LCuF6MgDNwTDKkdYGEihYjt5pRPbEg46rtlmnSPlUbgmB8LOIrKJbYYFBSbnPaJexMKtiPO8hmeRjRz2Td+A==}
    engines: {node: '>= 0.4'}
    dev: false

  /has-tostringtag@1.0.2:
    resolution: {integrity: sha512-NqADB8VjPFLM2V0VvHUewwwsw0ZWBaIdgo+ieHtK3hasLz4qeCRjYcqfB6AQrBggRKppKF8L52/VqdVsO47Dlw==}
    engines: {node: '>= 0.4'}
    dependencies:
      has-symbols: 1.0.3
    dev: false

  /hasown@2.0.2:
    resolution: {integrity: sha512-0hJU9SCPvmMzIBdZFqNPXWa6dqh7WdH0cII9y+CyS8rG3nL48Bclra9HmKhVVUHyPWNH5Y7xDwAB7bfgSjkUMQ==}
    engines: {node: '>= 0.4'}
    dependencies:
      function-bind: 1.1.2
    dev: false

  /hono@3.12.12:
    resolution: {integrity: sha512-5IAMJOXfpA5nT+K0MNjClchzz0IhBHs2Szl7WFAhrFOsbtQsYmNynFyJRg/a3IPsmCfxcrf8txUGiNShXpK5Rg==}
    engines: {node: '>=16.0.0'}
    dev: false

  /inherits@2.0.4:
    resolution: {integrity: sha512-k/vGaX4/Yla3WzyMCvTQOXYeIHvqOKtnqBduzTHpzpQZzAskKMhZ2K+EnBiSM9zGSoIFeMpXKxa4dYeZIQqewQ==}
    dev: false

  /is-arguments@1.1.1:
    resolution: {integrity: sha512-8Q7EARjzEnKpt/PCD7e1cgUS0a6X8u5tdSiMqXhojOdoV9TsMsiO+9VLC5vAmO8N7/GmXn7yjR8qnA6bVAEzfA==}
    engines: {node: '>= 0.4'}
    dependencies:
      call-bind: 1.0.7
      has-tostringtag: 1.0.2
    dev: false

  /is-buffer@1.1.6:
    resolution: {integrity: sha512-NcdALwpXkTm5Zvvbk7owOUSvVvBKDgKP5/ewfXEznmQFfs4ZRmanOeKBTjRVjka3QFoN6XJ+9F3USqfHqTaU5w==}
    dev: false

  /is-callable@1.2.7:
    resolution: {integrity: sha512-1BC0BVFhS/p0qtw6enp8e+8OD0UrK0oFLztSjNzhcKA3WDuJxxAPXzPuPtKkjEY9UUoEWlX/8fgKeu2S8i9JTA==}
    engines: {node: '>= 0.4'}
    dev: false

  /is-extendable@0.1.1:
    resolution: {integrity: sha512-5BMULNob1vgFX6EjQw5izWDxrecWK9AM72rugNr0TFldMOi0fj6Jk+zeKIt0xGj4cEfQIJth4w3OKWOJ4f+AFw==}
    engines: {node: '>=0.10.0'}
    dev: false

  /is-generator-function@1.0.10:
    resolution: {integrity: sha512-jsEjy9l3yiXEQ+PsXdmBwEPcOxaXWLspKdplFUVI9vq1iZgIekeC0L167qeu86czQaxed3q/Uzuw0swL0irL8A==}
    engines: {node: '>= 0.4'}
    dependencies:
      has-tostringtag: 1.0.2
    dev: false

  /is-plain-object@2.0.4:
    resolution: {integrity: sha512-h5PpgXkWitc38BBMYawTYMWJHFZJVnBquFE57xFpjB8pJFiF6gZ+bU+WyI/yqXiFR5mdLsgYNaPe8uao6Uv9Og==}
    engines: {node: '>=0.10.0'}
    dependencies:
      isobject: 3.0.1
    dev: false

  /is-typed-array@1.1.13:
    resolution: {integrity: sha512-uZ25/bUAlUY5fR4OKT4rZQEBrzQWYV9ZJYGGsUmEJ6thodVJ1HX64ePQ6Z0qPWP+m+Uq6e9UugrE38jeYsDSMw==}
    engines: {node: '>= 0.4'}
    dependencies:
      which-typed-array: 1.1.15
    dev: false

  /isbot@3.8.0:
    resolution: {integrity: sha512-vne1mzQUTR+qsMLeCBL9+/tgnDXRyc2pygLGl/WsgA+EZKIiB5Ehu0CiVTHIIk30zhJ24uGz4M5Ppse37aR0Hg==}
    engines: {node: '>=12'}
    dev: false

  /isobject@3.0.1:
    resolution: {integrity: sha512-WhB9zCku7EGTj/HQQRz5aUQEUeoQZH2bWcltRErOpymJ4boYE6wL9Tbr23krRPSZ+C5zqNSrSw+Cc7sZZ4b7vg==}
    engines: {node: '>=0.10.0'}
    dev: false

  /js-tokens@4.0.0:
    resolution: {integrity: sha512-RdJUflcE3cUzKiMqQgsCu06FPu9UdIJO0beYbPhHN4k6apgJtifcoCtT9bcxOpYBtpD2kCM6Sbzg4CausW/PKQ==}
    dev: false

  /kind-of@2.0.1:
    resolution: {integrity: sha512-0u8i1NZ/mg0b+W3MGGw5I7+6Eib2nx72S/QvXa0hYjEkjTknYmEYQJwGu3mLC0BrhtJjtQafTkyRUQ75Kx0LVg==}
    engines: {node: '>=0.10.0'}
    dependencies:
      is-buffer: 1.1.6
    dev: false

  /kind-of@3.2.2:
    resolution: {integrity: sha512-NOW9QQXMoZGg/oqnVNoNTTIFEIid1627WCffUBJEdMxYApq7mNE7CpzucIPc+ZQg25Phej7IJSmX3hO+oblOtQ==}
    engines: {node: '>=0.10.0'}
    dependencies:
      is-buffer: 1.1.6
    dev: false

  /lazy-cache@0.2.7:
    resolution: {integrity: sha512-gkX52wvU/R8DVMMt78ATVPFMJqfW8FPz1GZ1sVHBVQHmu/WvhIWE4cE1GBzhJNFicDeYhnwp6Rl35BcAIM3YOQ==}
    engines: {node: '>=0.10.0'}
    dev: false

  /lazy-cache@1.0.4:
    resolution: {integrity: sha512-RE2g0b5VGZsOCFOCgP7omTRYFqydmZkBwl5oNnQ1lDYC57uyO9KqNnNVxT7COSHTxrRCWVcAVOcbjk+tvh/rgQ==}
    engines: {node: '>=0.10.0'}
    dev: false

  /lodash@4.17.21:
    resolution: {integrity: sha512-v2kDEe57lecTulaDIuNTPy3Ry4gLGJ6Z1O3vE1krgXZNrsQ+LFTGHVxVjcXPs17LhbZVGedAJv8XZ1tvj5FvSg==}
    dev: false

  /loose-envify@1.4.0:
    resolution: {integrity: sha512-lyuxPGr/Wfhrlem2CL/UcnUc1zcqKAImBDzukY7Y5F/yQiNdko6+fRLevlw1HgMySw7f611UIY408EtxRSoK3Q==}
    hasBin: true
    dependencies:
      js-tokens: 4.0.0
    dev: false

  /lru-cache@6.0.0:
    resolution: {integrity: sha512-Jo6dJ04CmSjuznwJSS3pUeWmd/H0ffTlkXXgwZi+eq1UCmqQwCh+eLsYOYCwY991i2Fah4h1BEMCx4qThGbsiA==}
    engines: {node: '>=10'}
    dependencies:
      yallist: 4.0.0
    dev: false

  /merge-deep@3.0.3:
    resolution: {integrity: sha512-qtmzAS6t6grwEkNrunqTBdn0qKwFgNWvlxUbAV8es9M7Ot1EbyApytCnvE0jALPa46ZpKDUo527kKiaWplmlFA==}
    engines: {node: '>=0.10.0'}
    dependencies:
      arr-union: 3.1.0
      clone-deep: 0.2.4
      kind-of: 3.2.2
    dev: false

  /mixin-object@2.0.1:
    resolution: {integrity: sha512-ALGF1Jt9ouehcaXaHhn6t1yGWRqGaHkPFndtFVHfZXOvkIZ/yoGaSi0AHVTafb3ZBGg4dr/bDwnaEKqCXzchMA==}
    engines: {node: '>=0.10.0'}
    dependencies:
      for-in: 0.1.8
      is-extendable: 0.1.1
    dev: false

  /mrmime@1.0.1:
    resolution: {integrity: sha512-hzzEagAgDyoU1Q6yg5uI+AorQgdvMCur3FcKf7NhMKWsaYg+RnbTyHRa/9IlLF9rf455MOCtcqqrQQ83pPP7Uw==}
    engines: {node: '>=10'}
    dev: false

  /possible-typed-array-names@1.0.0:
    resolution: {integrity: sha512-d7Uw+eZoloe0EHDIYoe+bQ5WXnGMOpmiZFTuMWCwpjzzkL2nTjcKiAk4hh8TjnGye2TwWOk3UXucZ+3rbmBa8Q==}
    engines: {node: '>= 0.4'}
    dev: false

  /randombytes@2.1.0:
    resolution: {integrity: sha512-vYl3iOX+4CKUWuxGi9Ukhie6fsqXqS9FE2Zaic4tNFD2N2QQaXOMFbuKK4QmDHC0JO6B1Zp41J0LpT0oR68amQ==}
    dependencies:
      safe-buffer: 5.2.1
    dev: false

  /react-dom@18.3.1(react@18.3.1):
    resolution: {integrity: sha512-5m4nQKp+rZRb09LNH59GM4BxTh9251/ylbKIbpe7TpGxfJ+9kv6BLkLBXIjjspbgbnIBNqlI23tRnTWT0snUIw==}
    peerDependencies:
      react: ^18.3.1
    dependencies:
      loose-envify: 1.4.0
      react: 18.3.1
      scheduler: 0.23.2
    dev: false

  /react-router-dom@6.22.0(react-dom@18.3.1)(react@18.3.1):
    resolution: {integrity: sha512-z2w+M4tH5wlcLmH3BMMOMdrtrJ9T3oJJNsAlBJbwk+8Syxd5WFJ7J5dxMEW0/GEXD1BBis4uXRrNIz3mORr0ag==}
    engines: {node: '>=14.0.0'}
    peerDependencies:
      react: '>=16.8'
      react-dom: '>=16.8'
    dependencies:
      '@remix-run/router': 1.15.0
      react: 18.3.1
      react-dom: 18.3.1(react@18.3.1)
      react-router: 6.22.0(react@18.3.1)
    dev: false

  /react-router@6.22.0(react@18.3.1):
    resolution: {integrity: sha512-q2yemJeg6gw/YixRlRnVx6IRJWZD6fonnfZhN1JIOhV2iJCPeRNSH3V1ISwHf+JWcESzLC3BOLD1T07tmO5dmg==}
    engines: {node: '>=14.0.0'}
    peerDependencies:
      react: '>=16.8'
    dependencies:
      '@remix-run/router': 1.15.0
      react: 18.3.1
    dev: false

  /react@18.3.1:
    resolution: {integrity: sha512-wS+hAgJShR0KhEvPJArfuPVN1+Hz1t0Y6n5jLrGQbkb4urgPE/0Rve+1kMB1v/oWgHgm4WIcV+i7F2pTVj+2iQ==}
    engines: {node: '>=0.10.0'}
    dependencies:
      loose-envify: 1.4.0
    dev: false

  /rslog@1.2.2:
    resolution: {integrity: sha512-tZP8KjrI1nz6qOYCrFxAV7cfmfS2GV94jotU2zOmF/6ByO1zNvGR6/+0inylpjqyBjAdnnutTUW0m4th06bSTw==}
    engines: {node: '>=14.17.6'}
    dev: false

  /safe-buffer@5.2.1:
    resolution: {integrity: sha512-rp3So07KcdmmKbGvgaNxQSJr7bGVSVk5S9Eq1F+ppbRo70+YeaDxkw5Dd8NPN+GD6bjnYm2VuPuCXmpuYvmCXQ==}
    dev: false

  /scheduler@0.23.2:
    resolution: {integrity: sha512-UOShsPwz7NrMUqhR6t0hWjFduvOzbtv7toDH1/hIrfRNIDBnnBWd0CwJTGvTpngVlmwGCdP9/Zl/tVrDqcuYzQ==}
    dependencies:
      loose-envify: 1.4.0
    dev: false

  /serialize-javascript@6.0.2:
    resolution: {integrity: sha512-Saa1xPByTTq2gdeFZYLLo+RFE35NHZkAbqZeWNd3BpzppeVisAqpDjcp8dyf6uIvEqJRd46jemmyA4iFIeVk8g==}
    dependencies:
      randombytes: 2.1.0
    dev: false

  /set-function-length@1.2.2:
    resolution: {integrity: sha512-pgRc4hJ4/sNjWCSS9AmnS40x3bNMDTknHgL5UaMBTMyJnU90EgWh1Rz+MC9eFu4BuN/UwZjKQuY/1v3rM7HMfg==}
    engines: {node: '>= 0.4'}
    dependencies:
      define-data-property: 1.1.4
      es-errors: 1.3.0
      function-bind: 1.1.2
      get-intrinsic: 1.2.4
      gopd: 1.0.1
      has-property-descriptors: 1.0.2
    dev: false

  /shallow-clone@0.1.2:
    resolution: {integrity: sha512-J1zdXCky5GmNnuauESROVu31MQSnLoYvlyEn6j2Ztk6Q5EHFIhxkMhYcv6vuDzl2XEzoRr856QwzMgWM/TmZgw==}
    engines: {node: '>=0.10.0'}
    dependencies:
      is-extendable: 0.1.1
      kind-of: 2.0.1
      lazy-cache: 0.2.7
      mixin-object: 2.0.1
    dev: false

  /tslib@2.6.3:
    resolution: {integrity: sha512-xNvxJEOUiWPGhUuUdQgAJPKOOJfGnIyKySOc09XkKsgdUV/3E2zvwZYdejjmRgPCgcym1juLH3226yA7sEFJKQ==}
    dev: false

  /util@0.12.5:
    resolution: {integrity: sha512-kZf/K6hEIrWHI6XqOFUiiMa+79wE/D8Q+NCNAWclkyg3b4d2k7s0QGepNjiABc+aR3N1PAyHL7p6UcLY6LmrnA==}
    dependencies:
      inherits: 2.0.4
      is-arguments: 1.1.1
      is-generator-function: 1.0.10
      is-typed-array: 1.1.13
      which-typed-array: 1.1.15
    dev: false

  /web-encoding@1.1.5:
    resolution: {integrity: sha512-HYLeVCdJ0+lBYV2FvNZmv3HJ2Nt0QYXqZojk3d9FJOLkwnuhzM9tmamh8d7HPM8QqjKH8DeHkFTx+CFlWpZZDA==}
    dependencies:
      util: 0.12.5
    optionalDependencies:
      '@zxing/text-encoding': 0.9.0
    dev: false

  /web-streams-polyfill@3.3.3:
    resolution: {integrity: sha512-d2JWLCivmZYTSIoge9MsgFCZrt571BikcWGYkjC1khllbTeDlGqZ2D8vD8E/lJa8WGWbb7Plm8/XJYV7IJHZZw==}
    engines: {node: '>= 8'}
    dev: false

  /which-typed-array@1.1.15:
    resolution: {integrity: sha512-oV0jmFtUky6CXfkqehVvBP/LSWJ2sy4vWMioiENyJLePrBO/yKyV9OyJySfAKosh+RYkIl5zJCNZ8/4JncrpdA==}
    engines: {node: '>= 0.4'}
    dependencies:
      available-typed-arrays: 1.0.7
      call-bind: 1.0.7
      for-each: 0.3.3
      gopd: 1.0.1
      has-tostringtag: 1.0.2
    dev: false

  /yallist@4.0.0:
    resolution: {integrity: sha512-3wdGidZyq5PB084XLES5TpOSRA3wjXAlIWMhum2kRcv/41Sn2emQ0dycQW4uZXLejwKvg6EsvbdlVL+FYEct7A==}
    dev: false
